{
  "pins" : [
    {
      "identity" : "grdb.swift",
      "kind" : "remoteSourceControl",
      "location" : "https://github.com/groue/GRDB.swift.git",
      "state" : {
        "branch" : "master",
        "revision" : "a1b76f9e06fb5aa20851317639440b7411fff49d"
      }
    }
  ],
  "version" : 2
}
