{
  "originHash" : "faa0b958819e8579ac1c84f9a0fc5363a8d5c02376f3229ed9750b0eb859d3ff",
  "pins" : [
    {
      "identity" : "grdb.swift",
      "kind" : "remoteSourceControl",
      "location" : "https://github.com/groue/GRDB.swift.git",
      "state" : {
        "branch" : "master",
        "revision" : "a1b76f9e06fb5aa20851317639440b7411fff49d"
      }
    },
    {
      "identity" : "lifetimetracker",
      "kind" : "remoteSourceControl",
      "location" : "https://github.com/krzysztofzablocki/LifetimeTracker.git",
      "state" : {
        "revision" : "fccc98aae719f6615d1f0cfd8f5e60f3888bdf62",
        "version" : "1.8.4"
      }
    },
    {
      "identity" : "sfsymbolspickerforswiftui",
      "kind" : "remoteSourceControl",
      "location" : "https://github.com/alessiorubicini/SFSymbolsPickerForSwiftUI.git",
      "state" : {
        "revision" : "73c909b8a7fc77a30dd04208e33f759f8b52c4c8",
        "version" : "1.0.6"
      }
    }
  ],
  "version" : 3
}
