// !$*UTF8*$!
{
	archiveVersion = 1;
	classes = {
	};
	objectVersion = 56;
	objects = {

/* Begin PBXBuildFile section */
		5803FD4D2A7080AC00DA7925 /* BetslipCell.swift in Sources */ = {isa = PBXBuildFile; fileRef = 5803FD4C2A7080AC00DA7925 /* BetslipCell.swift */; };
		58076A4729C906FC00A0762B /* BetTrackerApp.swift in Sources */ = {isa = PBXBuildFile; fileRef = 58076A4629C906FC00A0762B /* BetTrackerApp.swift */; };
		58076A4929C906FC00A0762B /* ContentView.swift in Sources */ = {isa = PBXBuildFile; fileRef = 58076A4829C906FC00A0762B /* ContentView.swift */; };
		58076A4B29C906FE00A0762B /* Assets.xcassets in Resources */ = {isa = PBXBuildFile; fileRef = 58076A4A29C906FE00A0762B /* Assets.xcassets */; };
		58076A4E29C906FE00A0762B /* Preview Assets.xcassets in Resources */ = {isa = PBXBuildFile; fileRef = 58076A4D29C906FE00A0762B /* Preview Assets.xcassets */; };
		58076A7629C907A000A0762B /* SearchView.swift in Sources */ = {isa = PBXBuildFile; fileRef = 58076A5529C9079F00A0762B /* SearchView.swift */; };
		58076A7729C907A000A0762B /* SearchVM.swift in Sources */ = {isa = PBXBuildFile; fileRef = 58076A5629C9079F00A0762B /* SearchVM.swift */; };
		58076A7829C907A000A0762B /* SearchBarView.swift in Sources */ = {isa = PBXBuildFile; fileRef = 58076A5829C9079F00A0762B /* SearchBarView.swift */; };
		58076A7929C907A000A0762B /* Theme.swift in Sources */ = {isa = PBXBuildFile; fileRef = 58076A5A29C9079F00A0762B /* Theme.swift */; };
		58076A7B29C907A000A0762B /* MainLabel.swift in Sources */ = {isa = PBXBuildFile; fileRef = 58076A5D29C9079F00A0762B /* MainLabel.swift */; };
		58076A7C29C907A000A0762B /* BetModel.swift in Sources */ = {isa = PBXBuildFile; fileRef = 58076A5F29C9079F00A0762B /* BetModel.swift */; };
		58076A7D29C907A000A0762B /* BetsDetailsVM.swift in Sources */ = {isa = PBXBuildFile; fileRef = 58076A6229C907A000A0762B /* BetsDetailsVM.swift */; };
		58076A7E29C907A000A0762B /* BetDetailHeader.swift in Sources */ = {isa = PBXBuildFile; fileRef = 58076A6429C907A000A0762B /* BetDetailHeader.swift */; };
		58076A8029C907A000A0762B /* BetDetailsView.swift in Sources */ = {isa = PBXBuildFile; fileRef = 58076A6629C907A000A0762B /* BetDetailsView.swift */; };
		58076A8129C907A000A0762B /* TabBar.swift in Sources */ = {isa = PBXBuildFile; fileRef = 58076A6829C907A000A0762B /* TabBar.swift */; };
		58076A8229C907A000A0762B /* MainViewVM.swift in Sources */ = {isa = PBXBuildFile; fileRef = 58076A6A29C907A000A0762B /* MainViewVM.swift */; };
		58076A8329C907A000A0762B /* BetCell.swift in Sources */ = {isa = PBXBuildFile; fileRef = 58076A6C29C907A000A0762B /* BetCell.swift */; };
		58076A8429C907A000A0762B /* MainHeader.swift in Sources */ = {isa = PBXBuildFile; fileRef = 58076A6D29C907A000A0762B /* MainHeader.swift */; };
		58076A8629C907A000A0762B /* MainView.swift in Sources */ = {isa = PBXBuildFile; fileRef = 58076A6F29C907A000A0762B /* MainView.swift */; };
		58076A8729C907A000A0762B /* AddBetVM.swift in Sources */ = {isa = PBXBuildFile; fileRef = 58076A7129C907A000A0762B /* AddBetVM.swift */; };
		58076A8829C907A000A0762B /* TeamInputRow.swift in Sources */ = {isa = PBXBuildFile; fileRef = 58076A7329C907A000A0762B /* TeamInputRow.swift */; };
		58076A8929C907A000A0762B /* AddBetInputRow.swift in Sources */ = {isa = PBXBuildFile; fileRef = 58076A7429C907A000A0762B /* AddBetInputRow.swift */; };
		58076A8A29C907A000A0762B /* AddBetScreen.swift in Sources */ = {isa = PBXBuildFile; fileRef = 58076A7529C907A000A0762B /* AddBetScreen.swift */; };
		58076A9029C98B4000A0762B /* BetDb.swift in Sources */ = {isa = PBXBuildFile; fileRef = 58076A8F29C98B4000A0762B /* BetDb.swift */; };
		58076A9329C98B9800A0762B /* BetRecord.swift in Sources */ = {isa = PBXBuildFile; fileRef = 58076A9229C98B9800A0762B /* BetRecord.swift */; };
		58076A9529CA37BF00A0762B /* BetDao.swift in Sources */ = {isa = PBXBuildFile; fileRef = 58076A9429CA37BE00A0762B /* BetDao.swift */; };
		580C607C2A0746A600DBBD25 /* ProfilePhotoVM.swift in Sources */ = {isa = PBXBuildFile; fileRef = 580C607B2A0746A600DBBD25 /* ProfilePhotoVM.swift */; };
		5820EDAB2A96B1DF00C06DBC /* NoteRow.swift in Sources */ = {isa = PBXBuildFile; fileRef = 5820EDAA2A96B1DE00C06DBC /* NoteRow.swift */; };
		583AB5A929D230A200F4B9DC /* ProfileVM.swift in Sources */ = {isa = PBXBuildFile; fileRef = 583AB5A829D230A200F4B9DC /* ProfileVM.swift */; };
		583D2F5829EF1E1C000AB125 /* SortButton.swift in Sources */ = {isa = PBXBuildFile; fileRef = 583D2F5729EF1E1C000AB125 /* SortButton.swift */; };
		5845A63029E6321700A95E2B /* PredictedProfitRow.swift in Sources */ = {isa = PBXBuildFile; fileRef = 5845A62F29E6321700A95E2B /* PredictedProfitRow.swift */; };
		584E69BC2A75A57700084F78 /* Respository.swift in Sources */ = {isa = PBXBuildFile; fileRef = 584E69BB2A75A57700084F78 /* Respository.swift */; };
		5858E8312A0C2A4D00CD018F /* ReminderDatePickerRow.swift in Sources */ = {isa = PBXBuildFile; fileRef = 5858E8302A0C2A4D00CD018F /* ReminderDatePickerRow.swift */; };
		586D2B4C2A05A51200309F91 /* ProfileImage.swift in Sources */ = {isa = PBXBuildFile; fileRef = 586D2B4B2A05A51200309F91 /* ProfileImage.swift */; };
		586D2B502A05A7C900309F91 /* HideKeyboardExt.swift in Sources */ = {isa = PBXBuildFile; fileRef = 586D2B4F2A05A7C900309F91 /* HideKeyboardExt.swift */; };
		5874C4B72A6B72F900199AD6 /* GRDB in Frameworks */ = {isa = PBXBuildFile; productRef = 5874C4B62A6B72F900199AD6 /* GRDB */; };
		5885E40029D8E4BF005B764E /* AddBetButton.swift in Sources */ = {isa = PBXBuildFile; fileRef = 5885E3FF29D8E4BF005B764E /* AddBetButton.swift */; };
		5887209D2A7081E300D57B16 /* BetslipDetailsView.swift in Sources */ = {isa = PBXBuildFile; fileRef = 5887209C2A7081E300D57B16 /* BetslipDetailsView.swift */; };
		588720A12A71A28B00D57B16 /* BetWrapper.swift in Sources */ = {isa = PBXBuildFile; fileRef = 588720A02A71A28B00D57B16 /* BetWrapper.swift */; };
		588720A32A71AD0D00D57B16 /* CategoryModel.swift in Sources */ = {isa = PBXBuildFile; fileRef = 588720A22A71AD0D00D57B16 /* CategoryModel.swift */; };
		58A005432A476F870012B9CF /* DateExt.swift in Sources */ = {isa = PBXBuildFile; fileRef = 58A005422A476F870012B9CF /* DateExt.swift */; };
		58A005452A4776920012B9CF /* MarkButton.swift in Sources */ = {isa = PBXBuildFile; fileRef = 58A005442A4776920012B9CF /* MarkButton.swift */; };
		58A005472A478F1A0012B9CF /* BetslipModel.swift in Sources */ = {isa = PBXBuildFile; fileRef = 58A005462A478F1A0012B9CF /* BetslipModel.swift */; };
		58A387862A0FE25900ED95DB /* EventDatePickerRow.swift in Sources */ = {isa = PBXBuildFile; fileRef = 58A387852A0FE25900ED95DB /* EventDatePickerRow.swift */; };
		58A387882A0FEA5E00ED95DB /* EventDateRow.swift in Sources */ = {isa = PBXBuildFile; fileRef = 58A387872A0FEA5E00ED95DB /* EventDateRow.swift */; };
		58A3878C2A0FFDF000ED95DB /* CategoryRow.swift in Sources */ = {isa = PBXBuildFile; fileRef = 58A3878B2A0FFDF000ED95DB /* CategoryRow.swift */; };
		58A3EFE22AA9B569000335D8 /* SwiftUIView.swift in Sources */ = {isa = PBXBuildFile; fileRef = 58A3EFE12AA9B569000335D8 /* SwiftUIView.swift */; };
		58AA328729EB79FD00BBBC9C /* PreferencesVM.swift in Sources */ = {isa = PBXBuildFile; fileRef = 58AA328629EB79FD00BBBC9C /* PreferencesVM.swift */; };
		58AA328929EB7A0800BBBC9C /* PreferencesView.swift in Sources */ = {isa = PBXBuildFile; fileRef = 58AA328829EB7A0800BBBC9C /* PreferencesView.swift */; };
		58B0715B2A082AEA00439B98 /* OnboardingView.swift in Sources */ = {isa = PBXBuildFile; fileRef = 58B0715A2A082AEA00439B98 /* OnboardingView.swift */; };
		58B0715F2A08638B00439B98 /* OnboardingSetupView.swift in Sources */ = {isa = PBXBuildFile; fileRef = 58B0715E2A08638B00439B98 /* OnboardingSetupView.swift */; };
		58B3B3152AA13DE400F83554 /* StandardShadowExt.swift in Sources */ = {isa = PBXBuildFile; fileRef = 58B3B3142AA13DE400F83554 /* StandardShadowExt.swift */; };
		58B55B032A8C2DC70088A72B /* BetsDetailRow.swift in Sources */ = {isa = PBXBuildFile; fileRef = 58B55B022A8C2DC70088A72B /* BetsDetailRow.swift */; };
		58B80F752A8E1DB50011407E /* BetslipDetailsVM.swift in Sources */ = {isa = PBXBuildFile; fileRef = 58B80F742A8E1DB50011407E /* BetslipDetailsVM.swift */; };
		58BEC4112A0A706500C8CCCC /* SessionManager.swift in Sources */ = {isa = PBXBuildFile; fileRef = 58BEC4102A0A706500C8CCCC /* SessionManager.swift */; };
		58BEC42E2A0A968600C8CCCC /* UserDefaultsManager.swift in Sources */ = {isa = PBXBuildFile; fileRef = 58BEC42D2A0A968600C8CCCC /* UserDefaultsManager.swift */; };
		58BEC4322A0B623D00C8CCCC /* UserNotificationsService.swift in Sources */ = {isa = PBXBuildFile; fileRef = 58BEC4312A0B623D00C8CCCC /* UserNotificationsService.swift */; };
		58C4854F2A0E8A9E00E62522 /* IconTextActionButtonRow.swift in Sources */ = {isa = PBXBuildFile; fileRef = 58C4854E2A0E8A9E00E62522 /* IconTextActionButtonRow.swift */; };
		58C485562A0EE80400E62522 /* AppDelegate.swift in Sources */ = {isa = PBXBuildFile; fileRef = 58C485552A0EE80400E62522 /* AppDelegate.swift */; };
		58C485582A0EEE0300E62522 /* HapticsManager.swift in Sources */ = {isa = PBXBuildFile; fileRef = 58C485572A0EEE0300E62522 /* HapticsManager.swift */; };
		58C58F2E2A9BEE2D006A6229 /* CustomAlertView.swift in Sources */ = {isa = PBXBuildFile; fileRef = 58C58F2D2A9BEE2D006A6229 /* CustomAlertView.swift */; };
		58E887AD2A00528A0079C045 /* ProfileView.swift in Sources */ = {isa = PBXBuildFile; fileRef = 58E887AC2A00528A0079C045 /* ProfileView.swift */; };
		58EC47752A1125300088E6DC /* BalanceRow.swift in Sources */ = {isa = PBXBuildFile; fileRef = 58EC47742A1125300088E6DC /* BalanceRow.swift */; };
		58EC47772A112AB60088E6DC /* CurrencyModel.swift in Sources */ = {isa = PBXBuildFile; fileRef = 58EC47762A112AB60088E6DC /* CurrencyModel.swift */; };
		58EC47792A11417F0088E6DC /* NumbersExt.swift in Sources */ = {isa = PBXBuildFile; fileRef = 58EC47782A11417F0088E6DC /* NumbersExt.swift */; };
		58EC477B2A1142AD0088E6DC /* WonRateRow.swift in Sources */ = {isa = PBXBuildFile; fileRef = 58EC477A2A1142AD0088E6DC /* WonRateRow.swift */; };
		58EC477D2A1142CD0088E6DC /* BetCountRow.swift in Sources */ = {isa = PBXBuildFile; fileRef = 58EC477C2A1142CD0088E6DC /* BetCountRow.swift */; };
		58EC47812A1199FF0088E6DC /* BetAverageRow.swift in Sources */ = {isa = PBXBuildFile; fileRef = 58EC47802A1199FF0088E6DC /* BetAverageRow.swift */; };
/* End PBXBuildFile section */

/* Begin PBXCopyFilesBuildPhase section */
		5874C4BB2A6B72F900199AD6 /* Embed Frameworks */ = {
			isa = PBXCopyFilesBuildPhase;
			buildActionMask = 2147483647;
			dstPath = "";
			dstSubfolderSpec = 10;
			files = (
			);
			name = "Embed Frameworks";
			runOnlyForDeploymentPostprocessing = 0;
		};
/* End PBXCopyFilesBuildPhase section */

/* Begin PBXFileReference section */
		5803FD4C2A7080AC00DA7925 /* BetslipCell.swift */ = {isa = PBXFileReference; lastKnownFileType = sourcecode.swift; path = BetslipCell.swift; sourceTree = "<group>"; };
		58076A4329C906FC00A0762B /* BetTracker.app */ = {isa = PBXFileReference; explicitFileType = wrapper.application; includeInIndex = 0; path = BetTracker.app; sourceTree = BUILT_PRODUCTS_DIR; };
		58076A4629C906FC00A0762B /* BetTrackerApp.swift */ = {isa = PBXFileReference; lastKnownFileType = sourcecode.swift; path = BetTrackerApp.swift; sourceTree = "<group>"; };
		58076A4829C906FC00A0762B /* ContentView.swift */ = {isa = PBXFileReference; lastKnownFileType = sourcecode.swift; path = ContentView.swift; sourceTree = "<group>"; };
		58076A4A29C906FE00A0762B /* Assets.xcassets */ = {isa = PBXFileReference; lastKnownFileType = folder.assetcatalog; path = Assets.xcassets; sourceTree = "<group>"; };
		58076A4D29C906FE00A0762B /* Preview Assets.xcassets */ = {isa = PBXFileReference; lastKnownFileType = folder.assetcatalog; path = "Preview Assets.xcassets"; sourceTree = "<group>"; };
		58076A5529C9079F00A0762B /* SearchView.swift */ = {isa = PBXFileReference; fileEncoding = 4; lastKnownFileType = sourcecode.swift; path = SearchView.swift; sourceTree = "<group>"; };
		58076A5629C9079F00A0762B /* SearchVM.swift */ = {isa = PBXFileReference; fileEncoding = 4; lastKnownFileType = sourcecode.swift; path = SearchVM.swift; sourceTree = "<group>"; };
		58076A5829C9079F00A0762B /* SearchBarView.swift */ = {isa = PBXFileReference; fileEncoding = 4; lastKnownFileType = sourcecode.swift; path = SearchBarView.swift; sourceTree = "<group>"; };
		58076A5A29C9079F00A0762B /* Theme.swift */ = {isa = PBXFileReference; fileEncoding = 4; lastKnownFileType = sourcecode.swift; path = Theme.swift; sourceTree = "<group>"; };
		58076A5D29C9079F00A0762B /* MainLabel.swift */ = {isa = PBXFileReference; fileEncoding = 4; lastKnownFileType = sourcecode.swift; path = MainLabel.swift; sourceTree = "<group>"; };
		58076A5F29C9079F00A0762B /* BetModel.swift */ = {isa = PBXFileReference; fileEncoding = 4; lastKnownFileType = sourcecode.swift; path = BetModel.swift; sourceTree = "<group>"; };
		58076A6229C907A000A0762B /* BetsDetailsVM.swift */ = {isa = PBXFileReference; fileEncoding = 4; lastKnownFileType = sourcecode.swift; path = BetsDetailsVM.swift; sourceTree = "<group>"; };
		58076A6429C907A000A0762B /* BetDetailHeader.swift */ = {isa = PBXFileReference; fileEncoding = 4; lastKnownFileType = sourcecode.swift; path = BetDetailHeader.swift; sourceTree = "<group>"; };
		58076A6629C907A000A0762B /* BetDetailsView.swift */ = {isa = PBXFileReference; fileEncoding = 4; lastKnownFileType = sourcecode.swift; path = BetDetailsView.swift; sourceTree = "<group>"; };
		58076A6829C907A000A0762B /* TabBar.swift */ = {isa = PBXFileReference; fileEncoding = 4; lastKnownFileType = sourcecode.swift; path = TabBar.swift; sourceTree = "<group>"; };
		58076A6A29C907A000A0762B /* MainViewVM.swift */ = {isa = PBXFileReference; fileEncoding = 4; lastKnownFileType = sourcecode.swift; path = MainViewVM.swift; sourceTree = "<group>"; };
		58076A6C29C907A000A0762B /* BetCell.swift */ = {isa = PBXFileReference; fileEncoding = 4; lastKnownFileType = sourcecode.swift; path = BetCell.swift; sourceTree = "<group>"; };
		58076A6D29C907A000A0762B /* MainHeader.swift */ = {isa = PBXFileReference; fileEncoding = 4; lastKnownFileType = sourcecode.swift; path = MainHeader.swift; sourceTree = "<group>"; };
		58076A6F29C907A000A0762B /* MainView.swift */ = {isa = PBXFileReference; fileEncoding = 4; lastKnownFileType = sourcecode.swift; path = MainView.swift; sourceTree = "<group>"; };
		58076A7129C907A000A0762B /* AddBetVM.swift */ = {isa = PBXFileReference; fileEncoding = 4; lastKnownFileType = sourcecode.swift; path = AddBetVM.swift; sourceTree = "<group>"; };
		58076A7329C907A000A0762B /* TeamInputRow.swift */ = {isa = PBXFileReference; fileEncoding = 4; lastKnownFileType = sourcecode.swift; path = TeamInputRow.swift; sourceTree = "<group>"; };
		58076A7429C907A000A0762B /* AddBetInputRow.swift */ = {isa = PBXFileReference; fileEncoding = 4; lastKnownFileType = sourcecode.swift; path = AddBetInputRow.swift; sourceTree = "<group>"; };
		58076A7529C907A000A0762B /* AddBetScreen.swift */ = {isa = PBXFileReference; fileEncoding = 4; lastKnownFileType = sourcecode.swift; path = AddBetScreen.swift; sourceTree = "<group>"; };
		58076A8F29C98B4000A0762B /* BetDb.swift */ = {isa = PBXFileReference; lastKnownFileType = sourcecode.swift; path = BetDb.swift; sourceTree = "<group>"; };
		58076A9229C98B9800A0762B /* BetRecord.swift */ = {isa = PBXFileReference; lastKnownFileType = sourcecode.swift; path = BetRecord.swift; sourceTree = "<group>"; };
		58076A9429CA37BE00A0762B /* BetDao.swift */ = {isa = PBXFileReference; lastKnownFileType = sourcecode.swift; path = BetDao.swift; sourceTree = "<group>"; };
		580C607B2A0746A600DBBD25 /* ProfilePhotoVM.swift */ = {isa = PBXFileReference; lastKnownFileType = sourcecode.swift; path = ProfilePhotoVM.swift; sourceTree = "<group>"; };
		5820EDAA2A96B1DE00C06DBC /* NoteRow.swift */ = {isa = PBXFileReference; lastKnownFileType = sourcecode.swift; path = NoteRow.swift; sourceTree = "<group>"; };
		583AB5A829D230A200F4B9DC /* ProfileVM.swift */ = {isa = PBXFileReference; lastKnownFileType = sourcecode.swift; path = ProfileVM.swift; sourceTree = "<group>"; };
		583D2F5729EF1E1C000AB125 /* SortButton.swift */ = {isa = PBXFileReference; lastKnownFileType = sourcecode.swift; path = SortButton.swift; sourceTree = "<group>"; };
		5845A62F29E6321700A95E2B /* PredictedProfitRow.swift */ = {isa = PBXFileReference; lastKnownFileType = sourcecode.swift; path = PredictedProfitRow.swift; sourceTree = "<group>"; };
		584E69BB2A75A57700084F78 /* Respository.swift */ = {isa = PBXFileReference; lastKnownFileType = sourcecode.swift; path = Respository.swift; sourceTree = "<group>"; };
		5858E8302A0C2A4D00CD018F /* ReminderDatePickerRow.swift */ = {isa = PBXFileReference; lastKnownFileType = sourcecode.swift; path = ReminderDatePickerRow.swift; sourceTree = "<group>"; };
		586D2B4B2A05A51200309F91 /* ProfileImage.swift */ = {isa = PBXFileReference; lastKnownFileType = sourcecode.swift; path = ProfileImage.swift; sourceTree = "<group>"; };
		586D2B4F2A05A7C900309F91 /* HideKeyboardExt.swift */ = {isa = PBXFileReference; lastKnownFileType = sourcecode.swift; path = HideKeyboardExt.swift; sourceTree = "<group>"; };
		5885E3FF29D8E4BF005B764E /* AddBetButton.swift */ = {isa = PBXFileReference; lastKnownFileType = sourcecode.swift; path = AddBetButton.swift; sourceTree = "<group>"; };
		5887209C2A7081E300D57B16 /* BetslipDetailsView.swift */ = {isa = PBXFileReference; lastKnownFileType = sourcecode.swift; path = BetslipDetailsView.swift; sourceTree = "<group>"; };
		588720A02A71A28B00D57B16 /* BetWrapper.swift */ = {isa = PBXFileReference; lastKnownFileType = sourcecode.swift; path = BetWrapper.swift; sourceTree = "<group>"; };
		588720A22A71AD0D00D57B16 /* CategoryModel.swift */ = {isa = PBXFileReference; lastKnownFileType = sourcecode.swift; path = CategoryModel.swift; sourceTree = "<group>"; };
		58A005422A476F870012B9CF /* DateExt.swift */ = {isa = PBXFileReference; lastKnownFileType = sourcecode.swift; path = DateExt.swift; sourceTree = "<group>"; };
		58A005442A4776920012B9CF /* MarkButton.swift */ = {isa = PBXFileReference; lastKnownFileType = sourcecode.swift; path = MarkButton.swift; sourceTree = "<group>"; };
		58A005462A478F1A0012B9CF /* BetslipModel.swift */ = {isa = PBXFileReference; lastKnownFileType = sourcecode.swift; path = BetslipModel.swift; sourceTree = "<group>"; };
		58A387852A0FE25900ED95DB /* EventDatePickerRow.swift */ = {isa = PBXFileReference; lastKnownFileType = sourcecode.swift; path = EventDatePickerRow.swift; sourceTree = "<group>"; };
		58A387872A0FEA5E00ED95DB /* EventDateRow.swift */ = {isa = PBXFileReference; lastKnownFileType = sourcecode.swift; path = EventDateRow.swift; sourceTree = "<group>"; };
		58A3878B2A0FFDF000ED95DB /* CategoryRow.swift */ = {isa = PBXFileReference; lastKnownFileType = sourcecode.swift; path = CategoryRow.swift; sourceTree = "<group>"; };
		58A3EFE12AA9B569000335D8 /* SwiftUIView.swift */ = {isa = PBXFileReference; lastKnownFileType = sourcecode.swift; path = SwiftUIView.swift; sourceTree = "<group>"; };
		58AA328629EB79FD00BBBC9C /* PreferencesVM.swift */ = {isa = PBXFileReference; lastKnownFileType = sourcecode.swift; path = PreferencesVM.swift; sourceTree = "<group>"; };
		58AA328829EB7A0800BBBC9C /* PreferencesView.swift */ = {isa = PBXFileReference; lastKnownFileType = sourcecode.swift; path = PreferencesView.swift; sourceTree = "<group>"; };
		58B0715A2A082AEA00439B98 /* OnboardingView.swift */ = {isa = PBXFileReference; lastKnownFileType = sourcecode.swift; path = OnboardingView.swift; sourceTree = "<group>"; };
		58B0715E2A08638B00439B98 /* OnboardingSetupView.swift */ = {isa = PBXFileReference; lastKnownFileType = sourcecode.swift; path = OnboardingSetupView.swift; sourceTree = "<group>"; };
		58B3B3142AA13DE400F83554 /* StandardShadowExt.swift */ = {isa = PBXFileReference; lastKnownFileType = sourcecode.swift; path = StandardShadowExt.swift; sourceTree = "<group>"; };
		58B55B022A8C2DC70088A72B /* BetsDetailRow.swift */ = {isa = PBXFileReference; lastKnownFileType = sourcecode.swift; path = BetsDetailRow.swift; sourceTree = "<group>"; };
		58B80F742A8E1DB50011407E /* BetslipDetailsVM.swift */ = {isa = PBXFileReference; lastKnownFileType = sourcecode.swift; path = BetslipDetailsVM.swift; sourceTree = "<group>"; };
		58BEC4102A0A706500C8CCCC /* SessionManager.swift */ = {isa = PBXFileReference; lastKnownFileType = sourcecode.swift; path = SessionManager.swift; sourceTree = "<group>"; };
		58BEC42D2A0A968600C8CCCC /* UserDefaultsManager.swift */ = {isa = PBXFileReference; lastKnownFileType = sourcecode.swift; path = UserDefaultsManager.swift; sourceTree = "<group>"; };
		58BEC4312A0B623D00C8CCCC /* UserNotificationsService.swift */ = {isa = PBXFileReference; lastKnownFileType = sourcecode.swift; path = UserNotificationsService.swift; sourceTree = "<group>"; };
		58C4854E2A0E8A9E00E62522 /* IconTextActionButtonRow.swift */ = {isa = PBXFileReference; lastKnownFileType = sourcecode.swift; path = IconTextActionButtonRow.swift; sourceTree = "<group>"; };
		58C485542A0EA84100E62522 /* Info.plist */ = {isa = PBXFileReference; lastKnownFileType = text.plist; path = Info.plist; sourceTree = "<group>"; };
		58C485552A0EE80400E62522 /* AppDelegate.swift */ = {isa = PBXFileReference; lastKnownFileType = sourcecode.swift; path = AppDelegate.swift; sourceTree = "<group>"; };
		58C485572A0EEE0300E62522 /* HapticsManager.swift */ = {isa = PBXFileReference; fileEncoding = 4; lastKnownFileType = sourcecode.swift; path = HapticsManager.swift; sourceTree = "<group>"; };
		58C58F2D2A9BEE2D006A6229 /* CustomAlertView.swift */ = {isa = PBXFileReference; lastKnownFileType = sourcecode.swift; path = CustomAlertView.swift; sourceTree = "<group>"; };
		58E887AC2A00528A0079C045 /* ProfileView.swift */ = {isa = PBXFileReference; lastKnownFileType = sourcecode.swift; path = ProfileView.swift; sourceTree = "<group>"; };
		58EC47742A1125300088E6DC /* BalanceRow.swift */ = {isa = PBXFileReference; lastKnownFileType = sourcecode.swift; path = BalanceRow.swift; sourceTree = "<group>"; };
		58EC47762A112AB60088E6DC /* CurrencyModel.swift */ = {isa = PBXFileReference; lastKnownFileType = sourcecode.swift; path = CurrencyModel.swift; sourceTree = "<group>"; };
		58EC47782A11417F0088E6DC /* NumbersExt.swift */ = {isa = PBXFileReference; lastKnownFileType = sourcecode.swift; path = NumbersExt.swift; sourceTree = "<group>"; };
		58EC477A2A1142AD0088E6DC /* WonRateRow.swift */ = {isa = PBXFileReference; lastKnownFileType = sourcecode.swift; path = WonRateRow.swift; sourceTree = "<group>"; };
		58EC477C2A1142CD0088E6DC /* BetCountRow.swift */ = {isa = PBXFileReference; lastKnownFileType = sourcecode.swift; path = BetCountRow.swift; sourceTree = "<group>"; };
		58EC47802A1199FF0088E6DC /* BetAverageRow.swift */ = {isa = PBXFileReference; lastKnownFileType = sourcecode.swift; path = BetAverageRow.swift; sourceTree = "<group>"; };
/* End PBXFileReference section */

/* Begin PBXFrameworksBuildPhase section */
		58076A4029C906FC00A0762B /* Frameworks */ = {
			isa = PBXFrameworksBuildPhase;
			buildActionMask = 2147483647;
			files = (
				5874C4B72A6B72F900199AD6 /* GRDB in Frameworks */,
			);
			runOnlyForDeploymentPostprocessing = 0;
		};
/* End PBXFrameworksBuildPhase section */

/* Begin PBXGroup section */
		58076A3A29C906FC00A0762B = {
			isa = PBXGroup;
			children = (
				58076A4529C906FC00A0762B /* BetTracker */,
				58076A4429C906FC00A0762B /* Products */,
				5874C4B32A6B72F900199AD6 /* Frameworks */,
			);
			sourceTree = "<group>";
		};
		58076A4429C906FC00A0762B /* Products */ = {
			isa = PBXGroup;
			children = (
				58076A4329C906FC00A0762B /* BetTracker.app */,
			);
			name = Products;
			sourceTree = "<group>";
		};
		58076A4529C906FC00A0762B /* BetTracker */ = {
			isa = PBXGroup;
			children = (
				58C485542A0EA84100E62522 /* Info.plist */,
				58076A4A29C906FE00A0762B /* Assets.xcassets */,
				58076A4629C906FC00A0762B /* BetTrackerApp.swift */,
				58076A4829C906FC00A0762B /* ContentView.swift */,
				58C485552A0EE80400E62522 /* AppDelegate.swift */,
				58BEC40F2A0999BE00C8CCCC /* Managers */,
				58076A5929C9079F00A0762B /* Extensions */,
				58076A5E29C9079F00A0762B /* Model */,
				58076A8E29C98B1000A0762B /* Data */,
				580BC5C72A7279C300330998 /* Interactor */,
				5870E9DA29E456610023CC01 /* Screens */,
				58076A4C29C906FE00A0762B /* Preview Content */,
			);
			path = BetTracker;
			sourceTree = "<group>";
		};
		58076A4C29C906FE00A0762B /* Preview Content */ = {
			isa = PBXGroup;
			children = (
				58076A4D29C906FE00A0762B /* Preview Assets.xcassets */,
			);
			path = "Preview Content";
			sourceTree = "<group>";
		};
		58076A5429C9079F00A0762B /* Search */ = {
			isa = PBXGroup;
			children = (
				58076A5529C9079F00A0762B /* SearchView.swift */,
				58076A5629C9079F00A0762B /* SearchVM.swift */,
				58076A5729C9079F00A0762B /* Components */,
			);
			path = Search;
			sourceTree = "<group>";
		};
		58076A5729C9079F00A0762B /* Components */ = {
			isa = PBXGroup;
			children = (
				58076A5829C9079F00A0762B /* SearchBarView.swift */,
				583D2F5729EF1E1C000AB125 /* SortButton.swift */,
			);
			path = Components;
			sourceTree = "<group>";
		};
		58076A5929C9079F00A0762B /* Extensions */ = {
			isa = PBXGroup;
			children = (
				58076A5A29C9079F00A0762B /* Theme.swift */,
				586D2B4F2A05A7C900309F91 /* HideKeyboardExt.swift */,
				58EC47782A11417F0088E6DC /* NumbersExt.swift */,
				58A005422A476F870012B9CF /* DateExt.swift */,
				58B3B3142AA13DE400F83554 /* StandardShadowExt.swift */,
			);
			path = Extensions;
			sourceTree = "<group>";
		};
		58076A5E29C9079F00A0762B /* Model */ = {
			isa = PBXGroup;
			children = (
				58076A5F29C9079F00A0762B /* BetModel.swift */,
				58A005462A478F1A0012B9CF /* BetslipModel.swift */,
				588720A02A71A28B00D57B16 /* BetWrapper.swift */,
				58EC47762A112AB60088E6DC /* CurrencyModel.swift */,
				588720A22A71AD0D00D57B16 /* CategoryModel.swift */,
			);
			path = Model;
			sourceTree = "<group>";
		};
		58076A6129C907A000A0762B /* BetDetails */ = {
			isa = PBXGroup;
			children = (
				58076A6629C907A000A0762B /* BetDetailsView.swift */,
				5887209C2A7081E300D57B16 /* BetslipDetailsView.swift */,
				58076A6229C907A000A0762B /* BetsDetailsVM.swift */,
				58B80F742A8E1DB50011407E /* BetslipDetailsVM.swift */,
				58076A6329C907A000A0762B /* Components */,
			);
			path = BetDetails;
			sourceTree = "<group>";
		};
		58076A6329C907A000A0762B /* Components */ = {
			isa = PBXGroup;
			children = (
				58076A6429C907A000A0762B /* BetDetailHeader.swift */,
				58B55B022A8C2DC70088A72B /* BetsDetailRow.swift */,
				58A005442A4776920012B9CF /* MarkButton.swift */,
			);
			path = Components;
			sourceTree = "<group>";
		};
		58076A6729C907A000A0762B /* TabBar */ = {
			isa = PBXGroup;
			children = (
				58076A6829C907A000A0762B /* TabBar.swift */,
			);
			path = TabBar;
			sourceTree = "<group>";
		};
		58076A6929C907A000A0762B /* Main */ = {
			isa = PBXGroup;
			children = (
				58076A5429C9079F00A0762B /* Search */,
				58076A6129C907A000A0762B /* BetDetails */,
				58076A6B29C907A000A0762B /* Components */,
				58076A6F29C907A000A0762B /* MainView.swift */,
				58076A6A29C907A000A0762B /* MainViewVM.swift */,
			);
			path = Main;
			sourceTree = "<group>";
		};
		58076A6B29C907A000A0762B /* Components */ = {
			isa = PBXGroup;
			children = (
				58076A5D29C9079F00A0762B /* MainLabel.swift */,
				58076A6C29C907A000A0762B /* BetCell.swift */,
				5803FD4C2A7080AC00DA7925 /* BetslipCell.swift */,
			);
			path = Components;
			sourceTree = "<group>";
		};
		58076A7029C907A000A0762B /* AddBet */ = {
			isa = PBXGroup;
			children = (
				58076A7529C907A000A0762B /* AddBetScreen.swift */,
				58076A7129C907A000A0762B /* AddBetVM.swift */,
				58076A7229C907A000A0762B /* Components */,
			);
			path = AddBet;
			sourceTree = "<group>";
		};
		58076A7229C907A000A0762B /* Components */ = {
			isa = PBXGroup;
			children = (
				58C58F2B2A9AA44E006A6229 /* Rows */,
				5885E3FF29D8E4BF005B764E /* AddBetButton.swift */,
			);
			path = Components;
			sourceTree = "<group>";
		};
		58076A8E29C98B1000A0762B /* Data */ = {
			isa = PBXGroup;
			children = (
				58076A8F29C98B4000A0762B /* BetDb.swift */,
				58076A9229C98B9800A0762B /* BetRecord.swift */,
				58076A9429CA37BE00A0762B /* BetDao.swift */,
			);
			path = Data;
			sourceTree = "<group>";
		};
		580BC5C72A7279C300330998 /* Interactor */ = {
			isa = PBXGroup;
			children = (
				584E69BB2A75A57700084F78 /* Respository.swift */,
			);
			path = Interactor;
			sourceTree = "<group>";
		};
		583AB5A729D2303A00F4B9DC /* Profile */ = {
			isa = PBXGroup;
			children = (
				58E887AC2A00528A0079C045 /* ProfileView.swift */,
				583AB5A829D230A200F4B9DC /* ProfileVM.swift */,
				586D2B4D2A05A5A800309F91 /* Components */,
				58F4F5952A124D0A00A805C6 /* ProfileImage */,
				58AA328429EB796800BBBC9C /* Preferences */,
			);
			path = Profile;
			sourceTree = "<group>";
		};
		586D2B4D2A05A5A800309F91 /* Components */ = {
			isa = PBXGroup;
			children = (
				58EC47742A1125300088E6DC /* BalanceRow.swift */,
				58EC477A2A1142AD0088E6DC /* WonRateRow.swift */,
				58EC477C2A1142CD0088E6DC /* BetCountRow.swift */,
				58EC47802A1199FF0088E6DC /* BetAverageRow.swift */,
			);
			path = Components;
			sourceTree = "<group>";
		};
		5870E9DA29E456610023CC01 /* Screens */ = {
			isa = PBXGroup;
			children = (
				58B071572A082ABC00439B98 /* Onboarding */,
				58A296CE29D44CF700E9E600 /* Core */,
			);
			path = Screens;
			sourceTree = "<group>";
		};
		5874C4B32A6B72F900199AD6 /* Frameworks */ = {
			isa = PBXGroup;
			children = (
			);
			name = Frameworks;
			sourceTree = "<group>";
		};
		58A296CE29D44CF700E9E600 /* Core */ = {
			isa = PBXGroup;
			children = (
				58C58F2C2A9BEE14006A6229 /* Componetns */,
				58076A6729C907A000A0762B /* TabBar */,
				58076A6929C907A000A0762B /* Main */,
				58076A7029C907A000A0762B /* AddBet */,
				583AB5A729D2303A00F4B9DC /* Profile */,
			);
			path = Core;
			sourceTree = "<group>";
		};
		58AA328429EB796800BBBC9C /* Preferences */ = {
			isa = PBXGroup;
			children = (
				58AA328629EB79FD00BBBC9C /* PreferencesVM.swift */,
				58AA328829EB7A0800BBBC9C /* PreferencesView.swift */,
				58A3EFE12AA9B569000335D8 /* SwiftUIView.swift */,
			);
			path = Preferences;
			sourceTree = "<group>";
		};
		58B071572A082ABC00439B98 /* Onboarding */ = {
			isa = PBXGroup;
			children = (
				58B0715A2A082AEA00439B98 /* OnboardingView.swift */,
				58B0715E2A08638B00439B98 /* OnboardingSetupView.swift */,
			);
			path = Onboarding;
			sourceTree = "<group>";
		};
		58BEC40F2A0999BE00C8CCCC /* Managers */ = {
			isa = PBXGroup;
			children = (
				58BEC4102A0A706500C8CCCC /* SessionManager.swift */,
				58BEC42D2A0A968600C8CCCC /* UserDefaultsManager.swift */,
				58BEC4312A0B623D00C8CCCC /* UserNotificationsService.swift */,
				58C485572A0EEE0300E62522 /* HapticsManager.swift */,
			);
			path = Managers;
			sourceTree = "<group>";
		};
		58C58F2B2A9AA44E006A6229 /* Rows */ = {
			isa = PBXGroup;
			children = (
				58076A7329C907A000A0762B /* TeamInputRow.swift */,
				58076A7429C907A000A0762B /* AddBetInputRow.swift */,
				58A3878B2A0FFDF000ED95DB /* CategoryRow.swift */,
				58A387872A0FEA5E00ED95DB /* EventDateRow.swift */,
				58A387852A0FE25900ED95DB /* EventDatePickerRow.swift */,
				5858E8302A0C2A4D00CD018F /* ReminderDatePickerRow.swift */,
				58C4854E2A0E8A9E00E62522 /* IconTextActionButtonRow.swift */,
				5820EDAA2A96B1DE00C06DBC /* NoteRow.swift */,
				5845A62F29E6321700A95E2B /* PredictedProfitRow.swift */,
			);
			path = Rows;
			sourceTree = "<group>";
		};
		58C58F2C2A9BEE14006A6229 /* Componetns */ = {
			isa = PBXGroup;
			children = (
				58C58F2D2A9BEE2D006A6229 /* CustomAlertView.swift */,
				58076A6D29C907A000A0762B /* MainHeader.swift */,
			);
			path = Componetns;
			sourceTree = "<group>";
		};
		58F4F5952A124D0A00A805C6 /* ProfileImage */ = {
			isa = PBXGroup;
			children = (
				586D2B4B2A05A51200309F91 /* ProfileImage.swift */,
				580C607B2A0746A600DBBD25 /* ProfilePhotoVM.swift */,
			);
			path = ProfileImage;
			sourceTree = "<group>";
		};
/* End PBXGroup section */

/* Begin PBXNativeTarget section */
		58076A4229C906FC00A0762B /* BetTracker */ = {
			isa = PBXNativeTarget;
			buildConfigurationList = 58076A5129C906FE00A0762B /* Build configuration list for PBXNativeTarget "BetTracker" */;
			buildPhases = (
				58076A3F29C906FC00A0762B /* Sources */,
				58076A4029C906FC00A0762B /* Frameworks */,
				58076A4129C906FC00A0762B /* Resources */,
				5874C4BB2A6B72F900199AD6 /* Embed Frameworks */,
			);
			buildRules = (
			);
			dependencies = (
			);
			name = BetTracker;
			packageProductDependencies = (
				5874C4B62A6B72F900199AD6 /* GRDB */,
			);
			productName = BetTracker;
			productReference = 58076A4329C906FC00A0762B /* BetTracker.app */;
			productType = "com.apple.product-type.application";
		};
/* End PBXNativeTarget section */

/* Begin PBXProject section */
		58076A3B29C906FC00A0762B /* Project object */ = {
			isa = PBXProject;
			attributes = {
				BuildIndependentTargetsInParallel = 1;
				LastSwiftUpdateCheck = 1420;
				LastUpgradeCheck = 1420;
				TargetAttributes = {
					58076A4229C906FC00A0762B = {
						CreatedOnToolsVersion = 14.2;
					};
				};
			};
			buildConfigurationList = 58076A3E29C906FC00A0762B /* Build configuration list for PBXProject "BetTracker" */;
			compatibilityVersion = "Xcode 14.0";
			developmentRegion = en;
			hasScannedForEncodings = 0;
			knownRegions = (
				en,
				Base,
			);
			mainGroup = 58076A3A29C906FC00A0762B;
			packageReferences = (
				58076A8B29C9097400A0762B /* XCRemoteSwiftPackageReference "GRDB.swift" */,
			);
			productRefGroup = 58076A4429C906FC00A0762B /* Products */;
			projectDirPath = "";
			projectRoot = "";
			targets = (
				58076A4229C906FC00A0762B /* BetTracker */,
			);
		};
/* End PBXProject section */

/* Begin PBXResourcesBuildPhase section */
		58076A4129C906FC00A0762B /* Resources */ = {
			isa = PBXResourcesBuildPhase;
			buildActionMask = 2147483647;
			files = (
				58076A4E29C906FE00A0762B /* Preview Assets.xcassets in Resources */,
				58076A4B29C906FE00A0762B /* Assets.xcassets in Resources */,
			);
			runOnlyForDeploymentPostprocessing = 0;
		};
/* End PBXResourcesBuildPhase section */

/* Begin PBXSourcesBuildPhase section */
		58076A3F29C906FC00A0762B /* Sources */ = {
			isa = PBXSourcesBuildPhase;
			buildActionMask = 2147483647;
			files = (
				58A005452A4776920012B9CF /* MarkButton.swift in Sources */,
				58076A8729C907A000A0762B /* AddBetVM.swift in Sources */,
				58A3EFE22AA9B569000335D8 /* SwiftUIView.swift in Sources */,
				58076A8329C907A000A0762B /* BetCell.swift in Sources */,
				58076A8829C907A000A0762B /* TeamInputRow.swift in Sources */,
				58076A7C29C907A000A0762B /* BetModel.swift in Sources */,
				58EC47812A1199FF0088E6DC /* BetAverageRow.swift in Sources */,
				58A005432A476F870012B9CF /* DateExt.swift in Sources */,
				5858E8312A0C2A4D00CD018F /* ReminderDatePickerRow.swift in Sources */,
				58076A7829C907A000A0762B /* SearchBarView.swift in Sources */,
				58B0715B2A082AEA00439B98 /* OnboardingView.swift in Sources */,
				583D2F5829EF1E1C000AB125 /* SortButton.swift in Sources */,
				588720A32A71AD0D00D57B16 /* CategoryModel.swift in Sources */,
				58076A7B29C907A000A0762B /* MainLabel.swift in Sources */,
				5887209D2A7081E300D57B16 /* BetslipDetailsView.swift in Sources */,
				584E69BC2A75A57700084F78 /* Respository.swift in Sources */,
				58A3878C2A0FFDF000ED95DB /* CategoryRow.swift in Sources */,
				58BEC4112A0A706500C8CCCC /* SessionManager.swift in Sources */,
				580C607C2A0746A600DBBD25 /* ProfilePhotoVM.swift in Sources */,
				5820EDAB2A96B1DF00C06DBC /* NoteRow.swift in Sources */,
				58EC477B2A1142AD0088E6DC /* WonRateRow.swift in Sources */,
				58BEC4322A0B623D00C8CCCC /* UserNotificationsService.swift in Sources */,
				58EC47792A11417F0088E6DC /* NumbersExt.swift in Sources */,
				58076A9529CA37BF00A0762B /* BetDao.swift in Sources */,
				58C58F2E2A9BEE2D006A6229 /* CustomAlertView.swift in Sources */,
				58076A8929C907A000A0762B /* AddBetInputRow.swift in Sources */,
				586D2B4C2A05A51200309F91 /* ProfileImage.swift in Sources */,
				58EC477D2A1142CD0088E6DC /* BetCountRow.swift in Sources */,
				58AA328729EB79FD00BBBC9C /* PreferencesVM.swift in Sources */,
				58076A8429C907A000A0762B /* MainHeader.swift in Sources */,
				58076A8629C907A000A0762B /* MainView.swift in Sources */,
				58B55B032A8C2DC70088A72B /* BetsDetailRow.swift in Sources */,
				58B80F752A8E1DB50011407E /* BetslipDetailsVM.swift in Sources */,
				58EC47752A1125300088E6DC /* BalanceRow.swift in Sources */,
				58076A8029C907A000A0762B /* BetDetailsView.swift in Sources */,
				58C485582A0EEE0300E62522 /* HapticsManager.swift in Sources */,
				58076A7D29C907A000A0762B /* BetsDetailsVM.swift in Sources */,
				58C485562A0EE80400E62522 /* AppDelegate.swift in Sources */,
				58076A4929C906FC00A0762B /* ContentView.swift in Sources */,
				58E887AD2A00528A0079C045 /* ProfileView.swift in Sources */,
				58AA328929EB7A0800BBBC9C /* PreferencesView.swift in Sources */,
				58B3B3152AA13DE400F83554 /* StandardShadowExt.swift in Sources */,
				58A005472A478F1A0012B9CF /* BetslipModel.swift in Sources */,
				588720A12A71A28B00D57B16 /* BetWrapper.swift in Sources */,
				58BEC42E2A0A968600C8CCCC /* UserDefaultsManager.swift in Sources */,
				5885E40029D8E4BF005B764E /* AddBetButton.swift in Sources */,
				58076A9329C98B9800A0762B /* BetRecord.swift in Sources */,
				58EC47772A112AB60088E6DC /* CurrencyModel.swift in Sources */,
				58A387882A0FEA5E00ED95DB /* EventDateRow.swift in Sources */,
				58076A7629C907A000A0762B /* SearchView.swift in Sources */,
				58076A7929C907A000A0762B /* Theme.swift in Sources */,
				58C4854F2A0E8A9E00E62522 /* IconTextActionButtonRow.swift in Sources */,
				5803FD4D2A7080AC00DA7925 /* BetslipCell.swift in Sources */,
				58076A9029C98B4000A0762B /* BetDb.swift in Sources */,
				58076A7E29C907A000A0762B /* BetDetailHeader.swift in Sources */,
				58076A8229C907A000A0762B /* MainViewVM.swift in Sources */,
				5845A63029E6321700A95E2B /* PredictedProfitRow.swift in Sources */,
				583AB5A929D230A200F4B9DC /* ProfileVM.swift in Sources */,
				58A387862A0FE25900ED95DB /* EventDatePickerRow.swift in Sources */,
				58076A8A29C907A000A0762B /* AddBetScreen.swift in Sources */,
				58076A7729C907A000A0762B /* SearchVM.swift in Sources */,
				58076A4729C906FC00A0762B /* BetTrackerApp.swift in Sources */,
				586D2B502A05A7C900309F91 /* HideKeyboardExt.swift in Sources */,
				58B0715F2A08638B00439B98 /* OnboardingSetupView.swift in Sources */,
				58076A8129C907A000A0762B /* TabBar.swift in Sources */,
			);
			runOnlyForDeploymentPostprocessing = 0;
		};
/* End PBXSourcesBuildPhase section */

/* Begin XCBuildConfiguration section */
		58076A4F29C906FE00A0762B /* Debug */ = {
			isa = XCBuildConfiguration;
			buildSettings = {
				ALWAYS_SEARCH_USER_PATHS = NO;
				CLANG_ANALYZER_NONNULL = YES;
				CLANG_ANALYZER_NUMBER_OBJECT_CONVERSION = YES_AGGRESSIVE;
				CLANG_CXX_LANGUAGE_STANDARD = "gnu++20";
				CLANG_ENABLE_MODULES = YES;
				CLANG_ENABLE_OBJC_ARC = YES;
				CLANG_ENABLE_OBJC_WEAK = YES;
				CLANG_WARN_BLOCK_CAPTURE_AUTORELEASING = YES;
				CLANG_WARN_BOOL_CONVERSION = YES;
				CLANG_WARN_COMMA = YES;
				CLANG_WARN_CONSTANT_CONVERSION = YES;
				CLANG_WARN_DEPRECATED_OBJC_IMPLEMENTATIONS = YES;
				CLANG_WARN_DIRECT_OBJC_ISA_USAGE = YES_ERROR;
				CLANG_WARN_DOCUMENTATION_COMMENTS = YES;
				CLANG_WARN_EMPTY_BODY = YES;
				CLANG_WARN_ENUM_CONVERSION = YES;
				CLANG_WARN_INFINITE_RECURSION = YES;
				CLANG_WARN_INT_CONVERSION = YES;
				CLANG_WARN_NON_LITERAL_NULL_CONVERSION = YES;
				CLANG_WARN_OBJC_IMPLICIT_RETAIN_SELF = YES;
				CLANG_WARN_OBJC_LITERAL_CONVERSION = YES;
				CLANG_WARN_OBJC_ROOT_CLASS = YES_ERROR;
				CLANG_WARN_QUOTED_INCLUDE_IN_FRAMEWORK_HEADER = YES;
				CLANG_WARN_RANGE_LOOP_ANALYSIS = YES;
				CLANG_WARN_STRICT_PROTOTYPES = YES;
				CLANG_WARN_SUSPICIOUS_MOVE = YES;
				CLANG_WARN_UNGUARDED_AVAILABILITY = YES_AGGRESSIVE;
				CLANG_WARN_UNREACHABLE_CODE = YES;
				CLANG_WARN__DUPLICATE_METHOD_MATCH = YES;
				COPY_PHASE_STRIP = NO;
				DEBUG_INFORMATION_FORMAT = dwarf;
				ENABLE_STRICT_OBJC_MSGSEND = YES;
				ENABLE_TESTABILITY = YES;
				GCC_C_LANGUAGE_STANDARD = gnu11;
				GCC_DYNAMIC_NO_PIC = NO;
				GCC_NO_COMMON_BLOCKS = YES;
				GCC_OPTIMIZATION_LEVEL = 0;
				GCC_PREPROCESSOR_DEFINITIONS = (
					"DEBUG=1",
					"$(inherited)",
				);
				GCC_WARN_64_TO_32_BIT_CONVERSION = YES;
				GCC_WARN_ABOUT_RETURN_TYPE = YES_ERROR;
				GCC_WARN_UNDECLARED_SELECTOR = YES;
				GCC_WARN_UNINITIALIZED_AUTOS = YES_AGGRESSIVE;
				GCC_WARN_UNUSED_FUNCTION = YES;
				GCC_WARN_UNUSED_VARIABLE = YES;
				IPHONEOS_DEPLOYMENT_TARGET = 16.0;
				MTL_ENABLE_DEBUG_INFO = INCLUDE_SOURCE;
				MTL_FAST_MATH = YES;
				ONLY_ACTIVE_ARCH = YES;
				SDKROOT = iphoneos;
				SWIFT_ACTIVE_COMPILATION_CONDITIONS = DEBUG;
				SWIFT_OPTIMIZATION_LEVEL = "-Onone";
			};
			name = Debug;
		};
		58076A5029C906FE00A0762B /* Release */ = {
			isa = XCBuildConfiguration;
			buildSettings = {
				ALWAYS_SEARCH_USER_PATHS = NO;
				CLANG_ANALYZER_NONNULL = YES;
				CLANG_ANALYZER_NUMBER_OBJECT_CONVERSION = YES_AGGRESSIVE;
				CLANG_CXX_LANGUAGE_STANDARD = "gnu++20";
				CLANG_ENABLE_MODULES = YES;
				CLANG_ENABLE_OBJC_ARC = YES;
				CLANG_ENABLE_OBJC_WEAK = YES;
				CLANG_WARN_BLOCK_CAPTURE_AUTORELEASING = YES;
				CLANG_WARN_BOOL_CONVERSION = YES;
				CLANG_WARN_COMMA = YES;
				CLANG_WARN_CONSTANT_CONVERSION = YES;
				CLANG_WARN_DEPRECATED_OBJC_IMPLEMENTATIONS = YES;
				CLANG_WARN_DIRECT_OBJC_ISA_USAGE = YES_ERROR;
				CLANG_WARN_DOCUMENTATION_COMMENTS = YES;
				CLANG_WARN_EMPTY_BODY = YES;
				CLANG_WARN_ENUM_CONVERSION = YES;
				CLANG_WARN_INFINITE_RECURSION = YES;
				CLANG_WARN_INT_CONVERSION = YES;
				CLANG_WARN_NON_LITERAL_NULL_CONVERSION = YES;
				CLANG_WARN_OBJC_IMPLICIT_RETAIN_SELF = YES;
				CLANG_WARN_OBJC_LITERAL_CONVERSION = YES;
				CLANG_WARN_OBJC_ROOT_CLASS = YES_ERROR;
				CLANG_WARN_QUOTED_INCLUDE_IN_FRAMEWORK_HEADER = YES;
				CLANG_WARN_RANGE_LOOP_ANALYSIS = YES;
				CLANG_WARN_STRICT_PROTOTYPES = YES;
				CLANG_WARN_SUSPICIOUS_MOVE = YES;
				CLANG_WARN_UNGUARDED_AVAILABILITY = YES_AGGRESSIVE;
				CLANG_WARN_UNREACHABLE_CODE = YES;
				CLANG_WARN__DUPLICATE_METHOD_MATCH = YES;
				COPY_PHASE_STRIP = NO;
				DEBUG_INFORMATION_FORMAT = "dwarf-with-dsym";
				ENABLE_NS_ASSERTIONS = NO;
				ENABLE_STRICT_OBJC_MSGSEND = YES;
				GCC_C_LANGUAGE_STANDARD = gnu11;
				GCC_NO_COMMON_BLOCKS = YES;
				GCC_WARN_64_TO_32_BIT_CONVERSION = YES;
				GCC_WARN_ABOUT_RETURN_TYPE = YES_ERROR;
				GCC_WARN_UNDECLARED_SELECTOR = YES;
				GCC_WARN_UNINITIALIZED_AUTOS = YES_AGGRESSIVE;
				GCC_WARN_UNUSED_FUNCTION = YES;
				GCC_WARN_UNUSED_VARIABLE = YES;
				IPHONEOS_DEPLOYMENT_TARGET = 16.0;
				MTL_ENABLE_DEBUG_INFO = NO;
				MTL_FAST_MATH = YES;
				SDKROOT = iphoneos;
				SWIFT_COMPILATION_MODE = wholemodule;
				SWIFT_OPTIMIZATION_LEVEL = "-O";
				VALIDATE_PRODUCT = YES;
			};
			name = Release;
		};
		58076A5229C906FE00A0762B /* Debug */ = {
			isa = XCBuildConfiguration;
			buildSettings = {
				ASSETCATALOG_COMPILER_APPICON_NAME = AppIcon;
				ASSETCATALOG_COMPILER_GLOBAL_ACCENT_COLOR_NAME = AccentColor;
				CODE_SIGN_STYLE = Automatic;
				CURRENT_PROJECT_VERSION = 1;
				DEVELOPMENT_ASSET_PATHS = "\"BetTracker/Preview Content\"";
				DEVELOPMENT_TEAM = B5C5KJWJ34;
				ENABLE_PREVIEWS = YES;
				GENERATE_INFOPLIST_FILE = YES;
				INFOPLIST_FILE = BetTracker/Info.plist;
				INFOPLIST_KEY_LSSupportsOpeningDocumentsInPlace = YES;
				INFOPLIST_KEY_UIApplicationSceneManifest_Generation = YES;
				INFOPLIST_KEY_UIApplicationSupportsIndirectInputEvents = YES;
				INFOPLIST_KEY_UILaunchScreen_Generation = YES;
				INFOPLIST_KEY_UISupportedInterfaceOrientations = UIInterfaceOrientationPortrait;
				LD_RUNPATH_SEARCH_PATHS = (
					"$(inherited)",
					"@executable_path/Frameworks",
				);
				MARKETING_VERSION = 1.0;
				PRODUCT_BUNDLE_IDENTIFIER = adamzapior.BetTracker;
				PRODUCT_NAME = "$(TARGET_NAME)";
				SUPPORTED_PLATFORMS = "iphoneos iphonesimulator";
				SUPPORTS_MACCATALYST = NO;
				SUPPORTS_MAC_DESIGNED_FOR_IPHONE_IPAD = NO;
				SWIFT_EMIT_LOC_STRINGS = YES;
				SWIFT_VERSION = 5.0;
				TARGETED_DEVICE_FAMILY = 1;
			};
			name = Debug;
		};
		58076A5329C906FE00A0762B /* Release */ = {
			isa = XCBuildConfiguration;
			buildSettings = {
				ASSETCATALOG_COMPILER_APPICON_NAME = AppIcon;
				ASSETCATALOG_COMPILER_GLOBAL_ACCENT_COLOR_NAME = AccentColor;
				CODE_SIGN_STYLE = Automatic;
				CURRENT_PROJECT_VERSION = 1;
				DEVELOPMENT_ASSET_PATHS = "\"BetTracker/Preview Content\"";
				DEVELOPMENT_TEAM = B5C5KJWJ34;
				ENABLE_PREVIEWS = YES;
				GENERATE_INFOPLIST_FILE = YES;
				INFOPLIST_FILE = BetTracker/Info.plist;
				INFOPLIST_KEY_LSSupportsOpeningDocumentsInPlace = YES;
				INFOPLIST_KEY_UIApplicationSceneManifest_Generation = YES;
				INFOPLIST_KEY_UIApplicationSupportsIndirectInputEvents = YES;
				INFOPLIST_KEY_UILaunchScreen_Generation = YES;
				INFOPLIST_KEY_UISupportedInterfaceOrientations = UIInterfaceOrientationPortrait;
				LD_RUNPATH_SEARCH_PATHS = (
					"$(inherited)",
					"@executable_path/Frameworks",
				);
				MARKETING_VERSION = 1.0;
				PRODUCT_BUNDLE_IDENTIFIER = adamzapior.BetTracker;
				PRODUCT_NAME = "$(TARGET_NAME)";
				SUPPORTED_PLATFORMS = "iphoneos iphonesimulator";
				SUPPORTS_MACCATALYST = NO;
				SUPPORTS_MAC_DESIGNED_FOR_IPHONE_IPAD = NO;
				SWIFT_EMIT_LOC_STRINGS = YES;
				SWIFT_VERSION = 5.0;
				TARGETED_DEVICE_FAMILY = 1;
			};
			name = Release;
		};
/* End XCBuildConfiguration section */

/* Begin XCConfigurationList section */
		58076A3E29C906FC00A0762B /* Build configuration list for PBXProject "BetTracker" */ = {
			isa = XCConfigurationList;
			buildConfigurations = (
				58076A4F29C906FE00A0762B /* Debug */,
				58076A5029C906FE00A0762B /* Release */,
			);
			defaultConfigurationIsVisible = 0;
			defaultConfigurationName = Release;
		};
		58076A5129C906FE00A0762B /* Build configuration list for PBXNativeTarget "BetTracker" */ = {
			isa = XCConfigurationList;
			buildConfigurations = (
				58076A5229C906FE00A0762B /* Debug */,
				58076A5329C906FE00A0762B /* Release */,
			);
			defaultConfigurationIsVisible = 0;
			defaultConfigurationName = Release;
		};
/* End XCConfigurationList section */

/* Begin XCRemoteSwiftPackageReference section */
		58076A8B29C9097400A0762B /* XCRemoteSwiftPackageReference "GRDB.swift" */ = {
			isa = XCRemoteSwiftPackageReference;
			repositoryURL = "https://github.com/groue/GRDB.swift.git";
			requirement = {
				branch = master;
				kind = branch;
			};
		};
/* End XCRemoteSwiftPackageReference section */

/* Begin XCSwiftPackageProductDependency section */
		5874C4B62A6B72F900199AD6 /* GRDB */ = {
			isa = XCSwiftPackageProductDependency;
			package = 58076A8B29C9097400A0762B /* XCRemoteSwiftPackageReference "GRDB.swift" */;
			productName = GRDB;
		};
/* End XCSwiftPackageProductDependency section */
	};
	rootObject = 58076A3B29C906FC00A0762B /* Project object */;
}
